
Microsoft Visual Studio Solution File, Format Version 12.00
# Visual Studio Version 17
VisualStudioVersion = 17.0.32112.339
MinimumVisualStudioVersion = 10.0.40219.1
Project("{9A19103F-16F7-4668-BE54-9A1E7A4F7556}") = "RoboClerk", "RoboClerk\RoboClerk.csproj", "{F6965014-F81B-48AC-B3D8-CA742589856B}"
EndProject
Project("{9A19103F-16F7-4668-BE54-9A1E7A4F7556}") = "RoboClerk.Tests", "RoboClerk.Tests\RoboClerk.Tests.csproj", "{723807E2-1770-4918-84B9-8A4B44BAAEA3}"
EndProject
Project("{9A19103F-16F7-4668-BE54-9A1E7A4F7556}") = "RoboClerk.AzureDevOps", "RoboClerk.AzureDevOps\RoboClerk.AzureDevOps.csproj", "{81D5B38E-9E8A-45E2-BF5E-0DD12B29BE4B}"
EndProject
Project("{9A19103F-16F7-4668-BE54-9A1E7A4F7556}") = "RoboClerk.Redmine", "RoboClerk.Redmine\RoboClerk.Redmine.csproj", "{82C6200A-8D7E-4024-9A1F-7E7E0849D491}"
EndProject
Project("{9A19103F-16F7-4668-BE54-9A1E7A4F7556}") = "RoboClerk.DependenciesFile", "RoboClerk.DependenciesFile\RoboClerk.DependenciesFile.csproj", "{E3F2E8F6-7DB0-4736-B2BF-A79DF11344F1}"
	ProjectSection(ProjectDependencies) = postProject
		{F6965014-F81B-48AC-B3D8-CA742589856B} = {F6965014-F81B-48AC-B3D8-CA742589856B}
	EndProjectSection
EndProject
Project("{9A19103F-16F7-4668-BE54-9A1E7A4F7556}") = "RoboClerk.UnitTestFN", "RoboClerk.UnitTestFN\RoboClerk.UnitTestFN.csproj", "{390D3FF2-ABD4-4E62-A62A-714724920DF3}"
EndProject
Project("{9A19103F-16F7-4668-BE54-9A1E7A4F7556}") = "RoboClerk.AnnotatedUnitTests", "RoboClerk.AnnotatedUnitTests\RoboClerk.AnnotatedUnitTests.csproj", "{8E5AC894-A9E1-484A-B4C4-CAB286D5DF62}"
EndProject
Global
	GlobalSection(SolutionConfigurationPlatforms) = preSolution
		Debug|Any CPU = Debug|Any CPU
		Debug|x64 = Debug|x64
		Debug|x86 = Debug|x86
		Release|Any CPU = Release|Any CPU
		Release|x64 = Release|x64
		Release|x86 = Release|x86
		ReleasePublish|Any CPU = ReleasePublish|Any CPU
		ReleasePublish|x64 = ReleasePublish|x64
		ReleasePublish|x86 = ReleasePublish|x86
	EndGlobalSection
	GlobalSection(ProjectConfigurationPlatforms) = postSolution
		{F6965014-F81B-48AC-B3D8-CA742589856B}.Debug|Any CPU.ActiveCfg = Debug|Any CPU
		{F6965014-F81B-48AC-B3D8-CA742589856B}.Debug|Any CPU.Build.0 = Debug|Any CPU
		{F6965014-F81B-48AC-B3D8-CA742589856B}.Debug|x64.ActiveCfg = Debug|Any CPU
		{F6965014-F81B-48AC-B3D8-CA742589856B}.Debug|x64.Build.0 = Debug|Any CPU
		{F6965014-F81B-48AC-B3D8-CA742589856B}.Debug|x86.ActiveCfg = Debug|Any CPU
		{F6965014-F81B-48AC-B3D8-CA742589856B}.Debug|x86.Build.0 = Debug|Any CPU
		{F6965014-F81B-48AC-B3D8-CA742589856B}.Release|Any CPU.ActiveCfg = Release|Any CPU
		{F6965014-F81B-48AC-B3D8-CA742589856B}.Release|Any CPU.Build.0 = Release|Any CPU
		{F6965014-F81B-48AC-B3D8-CA742589856B}.Release|x64.ActiveCfg = Release|Any CPU
		{F6965014-F81B-48AC-B3D8-CA742589856B}.Release|x64.Build.0 = Release|Any CPU
		{F6965014-F81B-48AC-B3D8-CA742589856B}.Release|x86.ActiveCfg = Release|Any CPU
		{F6965014-F81B-48AC-B3D8-CA742589856B}.Release|x86.Build.0 = Release|Any CPU
		{F6965014-F81B-48AC-B3D8-CA742589856B}.ReleasePublish|Any CPU.ActiveCfg = ReleasePublish|Any CPU
		{F6965014-F81B-48AC-B3D8-CA742589856B}.ReleasePublish|Any CPU.Build.0 = ReleasePublish|Any CPU
		{F6965014-F81B-48AC-B3D8-CA742589856B}.ReleasePublish|x64.ActiveCfg = ReleasePublish|Any CPU
		{F6965014-F81B-48AC-B3D8-CA742589856B}.ReleasePublish|x64.Build.0 = ReleasePublish|Any CPU
		{F6965014-F81B-48AC-B3D8-CA742589856B}.ReleasePublish|x86.ActiveCfg = ReleasePublish|Any CPU
		{F6965014-F81B-48AC-B3D8-CA742589856B}.ReleasePublish|x86.Build.0 = ReleasePublish|Any CPU
		{723807E2-1770-4918-84B9-8A4B44BAAEA3}.Debug|Any CPU.ActiveCfg = Debug|Any CPU
		{723807E2-1770-4918-84B9-8A4B44BAAEA3}.Debug|Any CPU.Build.0 = Debug|Any CPU
		{723807E2-1770-4918-84B9-8A4B44BAAEA3}.Debug|x64.ActiveCfg = Debug|Any CPU
		{723807E2-1770-4918-84B9-8A4B44BAAEA3}.Debug|x64.Build.0 = Debug|Any CPU
		{723807E2-1770-4918-84B9-8A4B44BAAEA3}.Debug|x86.ActiveCfg = Debug|Any CPU
		{723807E2-1770-4918-84B9-8A4B44BAAEA3}.Debug|x86.Build.0 = Debug|Any CPU
		{723807E2-1770-4918-84B9-8A4B44BAAEA3}.Release|Any CPU.ActiveCfg = Release|Any CPU
		{723807E2-1770-4918-84B9-8A4B44BAAEA3}.Release|Any CPU.Build.0 = Release|Any CPU
		{723807E2-1770-4918-84B9-8A4B44BAAEA3}.Release|x64.ActiveCfg = Release|Any CPU
		{723807E2-1770-4918-84B9-8A4B44BAAEA3}.Release|x64.Build.0 = Release|Any CPU
		{723807E2-1770-4918-84B9-8A4B44BAAEA3}.Release|x86.ActiveCfg = Release|Any CPU
		{723807E2-1770-4918-84B9-8A4B44BAAEA3}.Release|x86.Build.0 = Release|Any CPU
		{723807E2-1770-4918-84B9-8A4B44BAAEA3}.ReleasePublish|Any CPU.ActiveCfg = ReleasePublish|Any CPU
		{723807E2-1770-4918-84B9-8A4B44BAAEA3}.ReleasePublish|Any CPU.Build.0 = ReleasePublish|Any CPU
		{723807E2-1770-4918-84B9-8A4B44BAAEA3}.ReleasePublish|x64.ActiveCfg = ReleasePublish|Any CPU
		{723807E2-1770-4918-84B9-8A4B44BAAEA3}.ReleasePublish|x64.Build.0 = ReleasePublish|Any CPU
		{723807E2-1770-4918-84B9-8A4B44BAAEA3}.ReleasePublish|x86.ActiveCfg = ReleasePublish|Any CPU
		{723807E2-1770-4918-84B9-8A4B44BAAEA3}.ReleasePublish|x86.Build.0 = ReleasePublish|Any CPU
		{81D5B38E-9E8A-45E2-BF5E-0DD12B29BE4B}.Debug|Any CPU.ActiveCfg = Debug|Any CPU
		{81D5B38E-9E8A-45E2-BF5E-0DD12B29BE4B}.Debug|Any CPU.Build.0 = Debug|Any CPU
		{81D5B38E-9E8A-45E2-BF5E-0DD12B29BE4B}.Debug|x64.ActiveCfg = Debug|Any CPU
		{81D5B38E-9E8A-45E2-BF5E-0DD12B29BE4B}.Debug|x64.Build.0 = Debug|Any CPU
		{81D5B38E-9E8A-45E2-BF5E-0DD12B29BE4B}.Debug|x86.ActiveCfg = Debug|Any CPU
		{81D5B38E-9E8A-45E2-BF5E-0DD12B29BE4B}.Debug|x86.Build.0 = Debug|Any CPU
		{81D5B38E-9E8A-45E2-BF5E-0DD12B29BE4B}.Release|Any CPU.ActiveCfg = Release|Any CPU
		{81D5B38E-9E8A-45E2-BF5E-0DD12B29BE4B}.Release|Any CPU.Build.0 = Release|Any CPU
		{81D5B38E-9E8A-45E2-BF5E-0DD12B29BE4B}.Release|x64.ActiveCfg = Release|Any CPU
		{81D5B38E-9E8A-45E2-BF5E-0DD12B29BE4B}.Release|x64.Build.0 = Release|Any CPU
		{81D5B38E-9E8A-45E2-BF5E-0DD12B29BE4B}.Release|x86.ActiveCfg = Release|Any CPU
		{81D5B38E-9E8A-45E2-BF5E-0DD12B29BE4B}.Release|x86.Build.0 = Release|Any CPU
		{81D5B38E-9E8A-45E2-BF5E-0DD12B29BE4B}.ReleasePublish|Any CPU.ActiveCfg = ReleasePublish|Any CPU
		{81D5B38E-9E8A-45E2-BF5E-0DD12B29BE4B}.ReleasePublish|Any CPU.Build.0 = ReleasePublish|Any CPU
		{81D5B38E-9E8A-45E2-BF5E-0DD12B29BE4B}.ReleasePublish|x64.ActiveCfg = ReleasePublish|Any CPU
		{81D5B38E-9E8A-45E2-BF5E-0DD12B29BE4B}.ReleasePublish|x64.Build.0 = ReleasePublish|Any CPU
		{81D5B38E-9E8A-45E2-BF5E-0DD12B29BE4B}.ReleasePublish|x86.ActiveCfg = ReleasePublish|Any CPU
		{81D5B38E-9E8A-45E2-BF5E-0DD12B29BE4B}.ReleasePublish|x86.Build.0 = ReleasePublish|Any CPU
		{82C6200A-8D7E-4024-9A1F-7E7E0849D491}.Debug|Any CPU.ActiveCfg = Debug|Any CPU
		{82C6200A-8D7E-4024-9A1F-7E7E0849D491}.Debug|Any CPU.Build.0 = Debug|Any CPU
		{82C6200A-8D7E-4024-9A1F-7E7E0849D491}.Debug|x64.ActiveCfg = Debug|Any CPU
		{82C6200A-8D7E-4024-9A1F-7E7E0849D491}.Debug|x64.Build.0 = Debug|Any CPU
		{82C6200A-8D7E-4024-9A1F-7E7E0849D491}.Debug|x86.ActiveCfg = Debug|Any CPU
		{82C6200A-8D7E-4024-9A1F-7E7E0849D491}.Debug|x86.Build.0 = Debug|Any CPU
		{82C6200A-8D7E-4024-9A1F-7E7E0849D491}.Release|Any CPU.ActiveCfg = Release|Any CPU
		{82C6200A-8D7E-4024-9A1F-7E7E0849D491}.Release|Any CPU.Build.0 = Release|Any CPU
		{82C6200A-8D7E-4024-9A1F-7E7E0849D491}.Release|x64.ActiveCfg = Release|Any CPU
		{82C6200A-8D7E-4024-9A1F-7E7E0849D491}.Release|x64.Build.0 = Release|Any CPU
		{82C6200A-8D7E-4024-9A1F-7E7E0849D491}.Release|x86.ActiveCfg = Release|Any CPU
		{82C6200A-8D7E-4024-9A1F-7E7E0849D491}.Release|x86.Build.0 = Release|Any CPU
		{82C6200A-8D7E-4024-9A1F-7E7E0849D491}.ReleasePublish|Any CPU.ActiveCfg = ReleasePublish|Any CPU
		{82C6200A-8D7E-4024-9A1F-7E7E0849D491}.ReleasePublish|Any CPU.Build.0 = ReleasePublish|Any CPU
		{82C6200A-8D7E-4024-9A1F-7E7E0849D491}.ReleasePublish|x64.ActiveCfg = ReleasePublish|Any CPU
		{82C6200A-8D7E-4024-9A1F-7E7E0849D491}.ReleasePublish|x64.Build.0 = ReleasePublish|Any CPU
		{82C6200A-8D7E-4024-9A1F-7E7E0849D491}.ReleasePublish|x86.ActiveCfg = ReleasePublish|Any CPU
		{82C6200A-8D7E-4024-9A1F-7E7E0849D491}.ReleasePublish|x86.Build.0 = ReleasePublish|Any CPU
		{E3F2E8F6-7DB0-4736-B2BF-A79DF11344F1}.Debug|Any CPU.ActiveCfg = Debug|Any CPU
		{E3F2E8F6-7DB0-4736-B2BF-A79DF11344F1}.Debug|Any CPU.Build.0 = Debug|Any CPU
		{E3F2E8F6-7DB0-4736-B2BF-A79DF11344F1}.Debug|x64.ActiveCfg = Debug|Any CPU
		{E3F2E8F6-7DB0-4736-B2BF-A79DF11344F1}.Debug|x64.Build.0 = Debug|Any CPU
		{E3F2E8F6-7DB0-4736-B2BF-A79DF11344F1}.Debug|x86.ActiveCfg = Debug|Any CPU
		{E3F2E8F6-7DB0-4736-B2BF-A79DF11344F1}.Debug|x86.Build.0 = Debug|Any CPU
		{E3F2E8F6-7DB0-4736-B2BF-A79DF11344F1}.Release|Any CPU.ActiveCfg = Release|Any CPU
		{E3F2E8F6-7DB0-4736-B2BF-A79DF11344F1}.Release|Any CPU.Build.0 = Release|Any CPU
		{E3F2E8F6-7DB0-4736-B2BF-A79DF11344F1}.Release|x64.ActiveCfg = Release|Any CPU
		{E3F2E8F6-7DB0-4736-B2BF-A79DF11344F1}.Release|x64.Build.0 = Release|Any CPU
		{E3F2E8F6-7DB0-4736-B2BF-A79DF11344F1}.Release|x86.ActiveCfg = Release|Any CPU
		{E3F2E8F6-7DB0-4736-B2BF-A79DF11344F1}.Release|x86.Build.0 = Release|Any CPU
		{E3F2E8F6-7DB0-4736-B2BF-A79DF11344F1}.ReleasePublish|Any CPU.ActiveCfg = ReleasePublish|Any CPU
		{E3F2E8F6-7DB0-4736-B2BF-A79DF11344F1}.ReleasePublish|Any CPU.Build.0 = ReleasePublish|Any CPU
		{E3F2E8F6-7DB0-4736-B2BF-A79DF11344F1}.ReleasePublish|x64.ActiveCfg = Release|Any CPU
		{E3F2E8F6-7DB0-4736-B2BF-A79DF11344F1}.ReleasePublish|x64.Build.0 = Release|Any CPU
		{E3F2E8F6-7DB0-4736-B2BF-A79DF11344F1}.ReleasePublish|x86.ActiveCfg = Release|Any CPU
		{E3F2E8F6-7DB0-4736-B2BF-A79DF11344F1}.ReleasePublish|x86.Build.0 = Release|Any CPU
		{390D3FF2-ABD4-4E62-A62A-714724920DF3}.Debug|Any CPU.ActiveCfg = Debug|Any CPU
		{390D3FF2-ABD4-4E62-A62A-714724920DF3}.Debug|Any CPU.Build.0 = Debug|Any CPU
		{390D3FF2-ABD4-4E62-A62A-714724920DF3}.Debug|x64.ActiveCfg = Debug|Any CPU
		{390D3FF2-ABD4-4E62-A62A-714724920DF3}.Debug|x64.Build.0 = Debug|Any CPU
		{390D3FF2-ABD4-4E62-A62A-714724920DF3}.Debug|x86.ActiveCfg = Debug|Any CPU
		{390D3FF2-ABD4-4E62-A62A-714724920DF3}.Debug|x86.Build.0 = Debug|Any CPU
		{390D3FF2-ABD4-4E62-A62A-714724920DF3}.Release|Any CPU.ActiveCfg = Release|Any CPU
		{390D3FF2-ABD4-4E62-A62A-714724920DF3}.Release|Any CPU.Build.0 = Release|Any CPU
		{390D3FF2-ABD4-4E62-A62A-714724920DF3}.Release|x64.ActiveCfg = Release|Any CPU
		{390D3FF2-ABD4-4E62-A62A-714724920DF3}.Release|x64.Build.0 = Release|Any CPU
		{390D3FF2-ABD4-4E62-A62A-714724920DF3}.Release|x86.ActiveCfg = Release|Any CPU
		{390D3FF2-ABD4-4E62-A62A-714724920DF3}.Release|x86.Build.0 = Release|Any CPU
		{390D3FF2-ABD4-4E62-A62A-714724920DF3}.ReleasePublish|Any CPU.ActiveCfg = ReleasePublish|Any CPU
		{390D3FF2-ABD4-4E62-A62A-714724920DF3}.ReleasePublish|Any CPU.Build.0 = ReleasePublish|Any CPU
		{390D3FF2-ABD4-4E62-A62A-714724920DF3}.ReleasePublish|x64.ActiveCfg = Release|Any CPU
		{390D3FF2-ABD4-4E62-A62A-714724920DF3}.ReleasePublish|x64.Build.0 = Release|Any CPU
		{390D3FF2-ABD4-4E62-A62A-714724920DF3}.ReleasePublish|x86.ActiveCfg = Release|Any CPU
		{390D3FF2-ABD4-4E62-A62A-714724920DF3}.ReleasePublish|x86.Build.0 = Release|Any CPU
		{8E5AC894-A9E1-484A-B4C4-CAB286D5DF62}.Debug|Any CPU.ActiveCfg = Debug|Any CPU
		{8E5AC894-A9E1-484A-B4C4-CAB286D5DF62}.Debug|Any CPU.Build.0 = Debug|Any CPU
		{8E5AC894-A9E1-484A-B4C4-CAB286D5DF62}.Debug|x64.ActiveCfg = Debug|Any CPU
		{8E5AC894-A9E1-484A-B4C4-CAB286D5DF62}.Debug|x64.Build.0 = Debug|Any CPU
		{8E5AC894-A9E1-484A-B4C4-CAB286D5DF62}.Debug|x86.ActiveCfg = Debug|Any CPU
		{8E5AC894-A9E1-484A-B4C4-CAB286D5DF62}.Debug|x86.Build.0 = Debug|Any CPU
		{8E5AC894-A9E1-484A-B4C4-CAB286D5DF62}.Release|Any CPU.ActiveCfg = Release|Any CPU
		{8E5AC894-A9E1-484A-B4C4-CAB286D5DF62}.Release|Any CPU.Build.0 = Release|Any CPU
		{8E5AC894-A9E1-484A-B4C4-CAB286D5DF62}.Release|x64.ActiveCfg = Release|Any CPU
		{8E5AC894-A9E1-484A-B4C4-CAB286D5DF62}.Release|x64.Build.0 = Release|Any CPU
		{8E5AC894-A9E1-484A-B4C4-CAB286D5DF62}.Release|x86.ActiveCfg = Release|Any CPU
		{8E5AC894-A9E1-484A-B4C4-CAB286D5DF62}.Release|x86.Build.0 = Release|Any CPU
		{8E5AC894-A9E1-484A-B4C4-CAB286D5DF62}.ReleasePublish|Any CPU.ActiveCfg = ReleasePublish|Any CPU
		{8E5AC894-A9E1-484A-B4C4-CAB286D5DF62}.ReleasePublish|Any CPU.Build.0 = ReleasePublish|Any CPU
		{8E5AC894-A9E1-484A-B4C4-CAB286D5DF62}.ReleasePublish|x64.ActiveCfg = Release|Any CPU
		{8E5AC894-A9E1-484A-B4C4-CAB286D5DF62}.ReleasePublish|x64.Build.0 = Release|Any CPU
		{8E5AC894-A9E1-484A-B4C4-CAB286D5DF62}.ReleasePublish|x86.ActiveCfg = Release|Any CPU
		{8E5AC894-A9E1-484A-B4C4-CAB286D5DF62}.ReleasePublish|x86.Build.0 = Release|Any CPU
	EndGlobalSection
	GlobalSection(SolutionProperties) = preSolution
		HideSolutionNode = FALSE
	EndGlobalSection
	GlobalSection(ExtensibilityGlobals) = postSolution
		SolutionGuid = {062C56A8-18DD-4E20-918F-990672FE90FF}
	EndGlobalSection
EndGlobal
