
Microsoft Visual Studio Solution File, Format Version 12.00
# Visual Studio Version 16
VisualStudioVersion = 16.0.30114.105
MinimumVisualStudioVersion = 10.0.40219.1
Project("{9A19103F-16F7-4668-BE54-9A1E7A4F7556}") = "RoboClerk", "RoboClerk\RoboClerk.csproj", "{F6965014-F81B-48AC-B3D8-CA742589856B}"
EndProject
Project("{9A19103F-16F7-4668-BE54-9A1E7A4F7556}") = "RoboClerk.Tests", "RoboClerk.Tests\RoboClerk.Tests.csproj", "{723807E2-1770-4918-84B9-8A4B44BAAEA3}"
EndProject
Project("{9A19103F-16F7-4668-BE54-9A1E7A4F7556}") = "RoboClerk.AzureDevOps", "RoboClerk.AzureDevOps\RoboClerk.AzureDevOps.csproj", "{81D5B38E-9E8A-45E2-BF5E-0DD12B29BE4B}"
EndProject
Project("{9A19103F-16F7-4668-BE54-9A1E7A4F7556}") = "RoboClerk.RedmineCSV", "RoboClerk.RedmineCSV\RoboClerk.RedmineCSV.csproj", "{6AB99159-5710-4F3E-A63E-79D84076BEC5}"
EndProject
Global
	GlobalSection(SolutionConfigurationPlatforms) = preSolution
		Debug|Any CPU = Debug|Any CPU
		Debug|x64 = Debug|x64
		Debug|x86 = Debug|x86
		Release|Any CPU = Release|Any CPU
		Release|x64 = Release|x64
		Release|x86 = Release|x86
	EndGlobalSection
	GlobalSection(ProjectConfigurationPlatforms) = postSolution
		{F6965014-F81B-48AC-B3D8-CA742589856B}.Debug|Any CPU.ActiveCfg = Debug|Any CPU
		{F6965014-F81B-48AC-B3D8-CA742589856B}.Debug|Any CPU.Build.0 = Debug|Any CPU
		{F6965014-F81B-48AC-B3D8-CA742589856B}.Debug|x64.ActiveCfg = Debug|Any CPU
		{F6965014-F81B-48AC-B3D8-CA742589856B}.Debug|x64.Build.0 = Debug|Any CPU
		{F6965014-F81B-48AC-B3D8-CA742589856B}.Debug|x86.ActiveCfg = Debug|Any CPU
		{F6965014-F81B-48AC-B3D8-CA742589856B}.Debug|x86.Build.0 = Debug|Any CPU
		{F6965014-F81B-48AC-B3D8-CA742589856B}.Release|Any CPU.ActiveCfg = Release|Any CPU
		{F6965014-F81B-48AC-B3D8-CA742589856B}.Release|Any CPU.Build.0 = Release|Any CPU
		{F6965014-F81B-48AC-B3D8-CA742589856B}.Release|x64.ActiveCfg = Release|Any CPU
		{F6965014-F81B-48AC-B3D8-CA742589856B}.Release|x64.Build.0 = Release|Any CPU
		{F6965014-F81B-48AC-B3D8-CA742589856B}.Release|x86.ActiveCfg = Release|Any CPU
		{F6965014-F81B-48AC-B3D8-CA742589856B}.Release|x86.Build.0 = Release|Any CPU
		{723807E2-1770-4918-84B9-8A4B44BAAEA3}.Debug|Any CPU.ActiveCfg = Debug|Any CPU
		{723807E2-1770-4918-84B9-8A4B44BAAEA3}.Debug|Any CPU.Build.0 = Debug|Any CPU
		{723807E2-1770-4918-84B9-8A4B44BAAEA3}.Debug|x64.ActiveCfg = Debug|Any CPU
		{723807E2-1770-4918-84B9-8A4B44BAAEA3}.Debug|x64.Build.0 = Debug|Any CPU
		{723807E2-1770-4918-84B9-8A4B44BAAEA3}.Debug|x86.ActiveCfg = Debug|Any CPU
		{723807E2-1770-4918-84B9-8A4B44BAAEA3}.Debug|x86.Build.0 = Debug|Any CPU
		{723807E2-1770-4918-84B9-8A4B44BAAEA3}.Release|Any CPU.ActiveCfg = Release|Any CPU
		{723807E2-1770-4918-84B9-8A4B44BAAEA3}.Release|Any CPU.Build.0 = Release|Any CPU
		{723807E2-1770-4918-84B9-8A4B44BAAEA3}.Release|x64.ActiveCfg = Release|Any CPU
		{723807E2-1770-4918-84B9-8A4B44BAAEA3}.Release|x64.Build.0 = Release|Any CPU
		{723807E2-1770-4918-84B9-8A4B44BAAEA3}.Release|x86.ActiveCfg = Release|Any CPU
		{723807E2-1770-4918-84B9-8A4B44BAAEA3}.Release|x86.Build.0 = Release|Any CPU
		{81D5B38E-9E8A-45E2-BF5E-0DD12B29BE4B}.Debug|Any CPU.ActiveCfg = Debug|Any CPU
		{81D5B38E-9E8A-45E2-BF5E-0DD12B29BE4B}.Debug|Any CPU.Build.0 = Debug|Any CPU
		{81D5B38E-9E8A-45E2-BF5E-0DD12B29BE4B}.Debug|x64.ActiveCfg = Debug|Any CPU
		{81D5B38E-9E8A-45E2-BF5E-0DD12B29BE4B}.Debug|x64.Build.0 = Debug|Any CPU
		{81D5B38E-9E8A-45E2-BF5E-0DD12B29BE4B}.Debug|x86.ActiveCfg = Debug|Any CPU
		{81D5B38E-9E8A-45E2-BF5E-0DD12B29BE4B}.Debug|x86.Build.0 = Debug|Any CPU
		{81D5B38E-9E8A-45E2-BF5E-0DD12B29BE4B}.Release|Any CPU.ActiveCfg = Release|Any CPU
		{81D5B38E-9E8A-45E2-BF5E-0DD12B29BE4B}.Release|Any CPU.Build.0 = Release|Any CPU
		{81D5B38E-9E8A-45E2-BF5E-0DD12B29BE4B}.Release|x64.ActiveCfg = Release|Any CPU
		{81D5B38E-9E8A-45E2-BF5E-0DD12B29BE4B}.Release|x64.Build.0 = Release|Any CPU
		{81D5B38E-9E8A-45E2-BF5E-0DD12B29BE4B}.Release|x86.ActiveCfg = Release|Any CPU
		{81D5B38E-9E8A-45E2-BF5E-0DD12B29BE4B}.Release|x86.Build.0 = Release|Any CPU
		{6AB99159-5710-4F3E-A63E-79D84076BEC5}.Debug|Any CPU.ActiveCfg = Debug|Any CPU
		{6AB99159-5710-4F3E-A63E-79D84076BEC5}.Debug|Any CPU.Build.0 = Debug|Any CPU
		{6AB99159-5710-4F3E-A63E-79D84076BEC5}.Debug|x64.ActiveCfg = Debug|Any CPU
		{6AB99159-5710-4F3E-A63E-79D84076BEC5}.Debug|x64.Build.0 = Debug|Any CPU
		{6AB99159-5710-4F3E-A63E-79D84076BEC5}.Debug|x86.ActiveCfg = Debug|Any CPU
		{6AB99159-5710-4F3E-A63E-79D84076BEC5}.Debug|x86.Build.0 = Debug|Any CPU
		{6AB99159-5710-4F3E-A63E-79D84076BEC5}.Release|Any CPU.ActiveCfg = Release|Any CPU
		{6AB99159-5710-4F3E-A63E-79D84076BEC5}.Release|Any CPU.Build.0 = Release|Any CPU
		{6AB99159-5710-4F3E-A63E-79D84076BEC5}.Release|x64.ActiveCfg = Release|Any CPU
		{6AB99159-5710-4F3E-A63E-79D84076BEC5}.Release|x64.Build.0 = Release|Any CPU
		{6AB99159-5710-4F3E-A63E-79D84076BEC5}.Release|x86.ActiveCfg = Release|Any CPU
		{6AB99159-5710-4F3E-A63E-79D84076BEC5}.Release|x86.Build.0 = Release|Any CPU
	EndGlobalSection
	GlobalSection(SolutionProperties) = preSolution
		HideSolutionNode = FALSE
	EndGlobalSection
	GlobalSection(ExtensibilityGlobals) = postSolution
		SolutionGuid = {062C56A8-18DD-4E20-918F-990672FE90FF}
	EndGlobalSection
EndGlobal
