
Microsoft Visual Studio Solution File, Format Version 12.00
# Visual Studio Version 16
VisualStudioVersion = 16.0.30114.105
MinimumVisualStudioVersion = 10.0.40219.1
Project("{FAE04EC0-301F-11D3-BF4B-00C04F79EFBC}") = "RoboClerk", "RoboClerk\RoboClerk.csproj", "{F6965014-F81B-48AC-B3D8-CA742589856B}"
EndProject
Project("{FAE04EC0-301F-11D3-BF4B-00C04F79EFBC}") = "Markdig.Extensions.RoboClerk", "Markdig.Extensions.RoboClerk\Markdig.Extensions.RoboClerk.csproj", "{4F7AACA4-E14E-4FD8-A07B-B6A8DCC801B2}"
EndProject
Global
	GlobalSection(SolutionConfigurationPlatforms) = preSolution
		Debug|Any CPU = Debug|Any CPU
		Debug|x64 = Debug|x64
		Debug|x86 = Debug|x86
		Release|Any CPU = Release|Any CPU
		Release|x64 = Release|x64
		Release|x86 = Release|x86
	EndGlobalSection
	GlobalSection(SolutionProperties) = preSolution
		HideSolutionNode = FALSE
	EndGlobalSection
	GlobalSection(ProjectConfigurationPlatforms) = postSolution
		{F6965014-F81B-48AC-B3D8-CA742589856B}.Debug|Any CPU.ActiveCfg = Debug|Any CPU
		{F6965014-F81B-48AC-B3D8-CA742589856B}.Debug|Any CPU.Build.0 = Debug|Any CPU
		{F6965014-F81B-48AC-B3D8-CA742589856B}.Debug|x64.ActiveCfg = Debug|Any CPU
		{F6965014-F81B-48AC-B3D8-CA742589856B}.Debug|x64.Build.0 = Debug|Any CPU
		{F6965014-F81B-48AC-B3D8-CA742589856B}.Debug|x86.ActiveCfg = Debug|Any CPU
		{F6965014-F81B-48AC-B3D8-CA742589856B}.Debug|x86.Build.0 = Debug|Any CPU
		{F6965014-F81B-48AC-B3D8-CA742589856B}.Release|Any CPU.ActiveCfg = Release|Any CPU
		{F6965014-F81B-48AC-B3D8-CA742589856B}.Release|Any CPU.Build.0 = Release|Any CPU
		{F6965014-F81B-48AC-B3D8-CA742589856B}.Release|x64.ActiveCfg = Release|Any CPU
		{F6965014-F81B-48AC-B3D8-CA742589856B}.Release|x64.Build.0 = Release|Any CPU
		{F6965014-F81B-48AC-B3D8-CA742589856B}.Release|x86.ActiveCfg = Release|Any CPU
		{F6965014-F81B-48AC-B3D8-CA742589856B}.Release|x86.Build.0 = Release|Any CPU
		{4F7AACA4-E14E-4FD8-A07B-B6A8DCC801B2}.Debug|Any CPU.ActiveCfg = Debug|Any CPU
		{4F7AACA4-E14E-4FD8-A07B-B6A8DCC801B2}.Debug|Any CPU.Build.0 = Debug|Any CPU
		{4F7AACA4-E14E-4FD8-A07B-B6A8DCC801B2}.Debug|x64.ActiveCfg = Debug|Any CPU
		{4F7AACA4-E14E-4FD8-A07B-B6A8DCC801B2}.Debug|x64.Build.0 = Debug|Any CPU
		{4F7AACA4-E14E-4FD8-A07B-B6A8DCC801B2}.Debug|x86.ActiveCfg = Debug|Any CPU
		{4F7AACA4-E14E-4FD8-A07B-B6A8DCC801B2}.Debug|x86.Build.0 = Debug|Any CPU
		{4F7AACA4-E14E-4FD8-A07B-B6A8DCC801B2}.Release|Any CPU.ActiveCfg = Release|Any CPU
		{4F7AACA4-E14E-4FD8-A07B-B6A8DCC801B2}.Release|Any CPU.Build.0 = Release|Any CPU
		{4F7AACA4-E14E-4FD8-A07B-B6A8DCC801B2}.Release|x64.ActiveCfg = Release|Any CPU
		{4F7AACA4-E14E-4FD8-A07B-B6A8DCC801B2}.Release|x64.Build.0 = Release|Any CPU
		{4F7AACA4-E14E-4FD8-A07B-B6A8DCC801B2}.Release|x86.ActiveCfg = Release|Any CPU
		{4F7AACA4-E14E-4FD8-A07B-B6A8DCC801B2}.Release|x86.Build.0 = Release|Any CPU
	EndGlobalSection
EndGlobal
